// !$*UTF8*$!
{
	archiveVersion = 1;
	classes = {
	};
	objectVersion = 46;
	objects = {

/* Begin PBXBuildFile section */
		D35648051DE95AED00D4F748 /* MBEMathUtilities.m in Sources */ = {isa = PBXBuildFile; fileRef = D35648041DE95AED00D4F748 /* MBEMathUtilities.m */; };
		D356480E1DE95B4500D4F748 /* hotair.2bpp.pvr in Resources */ = {isa = PBXBuildFile; fileRef = D35648071DE95B4500D4F748 /* hotair.2bpp.pvr */; };
		D356480F1DE95B4500D4F748 /* hotair.4bpp.pvr in Resources */ = {isa = PBXBuildFile; fileRef = D35648081DE95B4500D4F748 /* hotair.4bpp.pvr */; };
		D35648101DE95B4500D4F748 /* hotair.astc4x4.ktx in Resources */ = {isa = PBXBuildFile; fileRef = D35648091DE95B4500D4F748 /* hotair.astc4x4.ktx */; };
		D35648111DE95B4500D4F748 /* hotair.astc8x8.ktx in Resources */ = {isa = PBXBuildFile; fileRef = D356480A1DE95B4500D4F748 /* hotair.astc8x8.ktx */; };
		D35648121DE95B4500D4F748 /* hotair.etc2.pvr in Resources */ = {isa = PBXBuildFile; fileRef = D356480B1DE95B4500D4F748 /* hotair.etc2.pvr */; };
		D35648131DE95B4500D4F748 /* hotair.png in Resources */ = {isa = PBXBuildFile; fileRef = D356480C1DE95B4500D4F748 /* hotair.png */; };
		D35648141DE95B4500D4F748 /* textures.json in Resources */ = {isa = PBXBuildFile; fileRef = D356480D1DE95B4500D4F748 /* textures.json */; };
		D35648171DE95D0000D4F748 /* MBEViewController.m in Sources */ = {isa = PBXBuildFile; fileRef = D35648161DE95D0000D4F748 /* MBEViewController.m */; };
		D356481A1DE95E9600D4F748 /* MBETextureDataSource.m in Sources */ = {isa = PBXBuildFile; fileRef = D35648191DE95E9600D4F748 /* MBETextureDataSource.m */; };
		D35C87BA1DD2310A004C78C2 /* AppDelegate.m in Sources */ = {isa = PBXBuildFile; fileRef = D35C87B91DD2310A004C78C2 /* AppDelegate.m */; };
		D35C87BD1DD2310A004C78C2 /* main.m in Sources */ = {isa = PBXBuildFile; fileRef = D35C87BC1DD2310A004C78C2 /* main.m */; };
		D35C87BF1DD2310A004C78C2 /* Assets.xcassets in Resources */ = {isa = PBXBuildFile; fileRef = D35C87BE1DD2310A004C78C2 /* Assets.xcassets */; };
		D35C87C21DD2310A004C78C2 /* MainMenu.xib in Resources */ = {isa = PBXBuildFile; fileRef = D35C87C01DD2310A004C78C2 /* MainMenu.xib */; };
		D35C87E31DD232C1004C78C2 /* MBEMetalView.m in Sources */ = {isa = PBXBuildFile; fileRef = D35C87E21DD232C1004C78C2 /* MBEMetalView.m */; };
		D35C87E61DD232D3004C78C2 /* Shaders.metal in Sources */ = {isa = PBXBuildFile; fileRef = D35C87E41DD232D3004C78C2 /* Shaders.metal */; };
		D35C87EA1DD234D1004C78C2 /* MBERenderer.m in Sources */ = {isa = PBXBuildFile; fileRef = D35C87E91DD234D1004C78C2 /* MBERenderer.m */; };
/* End PBXBuildFile section */

/* Begin PBXFileReference section */
		D35648031DE95AED00D4F748 /* MBEMathUtilities.h */ = {isa = PBXFileReference; fileEncoding = 4; lastKnownFileType = sourcecode.c.h; path = MBEMathUtilities.h; sourceTree = "<group>"; };
		D35648041DE95AED00D4F748 /* MBEMathUtilities.m */ = {isa = PBXFileReference; fileEncoding = 4; lastKnownFileType = sourcecode.c.objc; path = MBEMathUtilities.m; sourceTree = "<group>"; };
		D35648071DE95B4500D4F748 /* hotair.2bpp.pvr */ = {isa = PBXFileReference; lastKnownFileType = file; path = hotair.2bpp.pvr; sourceTree = "<group>"; };
		D35648081DE95B4500D4F748 /* hotair.4bpp.pvr */ = {isa = PBXFileReference; lastKnownFileType = file; path = hotair.4bpp.pvr; sourceTree = "<group>"; };
		D35648091DE95B4500D4F748 /* hotair.astc4x4.ktx */ = {isa = PBXFileReference; lastKnownFileType = file; path = hotair.astc4x4.ktx; sourceTree = "<group>"; };
		D356480A1DE95B4500D4F748 /* hotair.astc8x8.ktx */ = {isa = PBXFileReference; lastKnownFileType = file; path = hotair.astc8x8.ktx; sourceTree = "<group>"; };
		D356480B1DE95B4500D4F748 /* hotair.etc2.pvr */ = {isa = PBXFileReference; lastKnownFileType = file; path = hotair.etc2.pvr; sourceTree = "<group>"; };
		D356480C1DE95B4500D4F748 /* hotair.png */ = {isa = PBXFileReference; lastKnownFileType = image.png; path = hotair.png; sourceTree = "<group>"; };
		D356480D1DE95B4500D4F748 /* textures.json */ = {isa = PBXFileReference; fileEncoding = 4; lastKnownFileType = text.json; path = textures.json; sourceTree = "<group>"; };
		D35648151DE95D0000D4F748 /* MBEViewController.h */ = {isa = PBXFileReference; fileEncoding = 4; lastKnownFileType = sourcecode.c.h; path = MBEViewController.h; sourceTree = "<group>"; };
		D35648161DE95D0000D4F748 /* MBEViewController.m */ = {isa = PBXFileReference; fileEncoding = 4; lastKnownFileType = sourcecode.c.objc; path = MBEViewController.m; sourceTree = "<group>"; };
		D35648181DE95E9600D4F748 /* MBETextureDataSource.h */ = {isa = PBXFileReference; fileEncoding = 4; lastKnownFileType = sourcecode.c.h; path = MBETextureDataSource.h; sourceTree = "<group>"; };
		D35648191DE95E9600D4F748 /* MBETextureDataSource.m */ = {isa = PBXFileReference; fileEncoding = 4; lastKnownFileType = sourcecode.c.objc; path = MBETextureDataSource.m; sourceTree = "<group>"; };
		D35C87B51DD2310A004C78C2 /* CompressedTextures.app */ = {isa = PBXFileReference; explicitFileType = wrapper.application; includeInIndex = 0; path = CompressedTextures.app; sourceTree = BUILT_PRODUCTS_DIR; };
		D35C87B81DD2310A004C78C2 /* AppDelegate.h */ = {isa = PBXFileReference; lastKnownFileType = sourcecode.c.h; path = AppDelegate.h; sourceTree = "<group>"; };
		D35C87B91DD2310A004C78C2 /* AppDelegate.m */ = {isa = PBXFileReference; lastKnownFileType = sourcecode.c.objc; path = AppDelegate.m; sourceTree = "<group>"; };
		D35C87BC1DD2310A004C78C2 /* main.m */ = {isa = PBXFileReference; lastKnownFileType = sourcecode.c.objc; path = main.m; sourceTree = "<group>"; };
		D35C87BE1DD2310A004C78C2 /* Assets.xcassets */ = {isa = PBXFileReference; lastKnownFileType = folder.assetcatalog; path = Assets.xcassets; sourceTree = "<group>"; };
		D35C87C11DD2310A004C78C2 /* Base */ = {isa = PBXFileReference; lastKnownFileType = file.xib; name = Base; path = Base.lproj/MainMenu.xib; sourceTree = "<group>"; };
		D35C87C31DD2310A004C78C2 /* Info.plist */ = {isa = PBXFileReference; lastKnownFileType = text.plist.xml; path = Info.plist; sourceTree = "<group>"; };
		D35C87CC1DD23183004C78C2 /* MBETypes.h */ = {isa = PBXFileReference; fileEncoding = 4; lastKnownFileType = sourcecode.c.h; path = MBETypes.h; sourceTree = "<group>"; };
		D35C87E11DD232C1004C78C2 /* MBEMetalView.h */ = {isa = PBXFileReference; fileEncoding = 4; lastKnownFileType = sourcecode.c.h; path = MBEMetalView.h; sourceTree = "<group>"; };
		D35C87E21DD232C1004C78C2 /* MBEMetalView.m */ = {isa = PBXFileReference; fileEncoding = 4; lastKnownFileType = sourcecode.c.objc; path = MBEMetalView.m; sourceTree = "<group>"; };
		D35C87E41DD232D3004C78C2 /* Shaders.metal */ = {isa = PBXFileReference; fileEncoding = 4; lastKnownFileType = sourcecode.metal; path = Shaders.metal; sourceTree = "<group>"; };
		D35C87E81DD234D1004C78C2 /* MBERenderer.h */ = {isa = PBXFileReference; fileEncoding = 4; lastKnownFileType = sourcecode.c.h; path = MBERenderer.h; sourceTree = "<group>"; };
		D35C87E91DD234D1004C78C2 /* MBERenderer.m */ = {isa = PBXFileReference; fileEncoding = 4; lastKnownFileType = sourcecode.c.objc; path = MBERenderer.m; sourceTree = "<group>"; };
/* End PBXFileReference section */

/* Begin PBXFrameworksBuildPhase section */
		D35C87B21DD2310A004C78C2 /* Frameworks */ = {
			isa = PBXFrameworksBuildPhase;
			buildActionMask = 2147483647;
			files = (
			);
			runOnlyForDeploymentPostprocessing = 0;
		};
/* End PBXFrameworksBuildPhase section */

/* Begin PBXGroup section */
		D35648061DE95B4500D4F748 /* Textures */ = {
			isa = PBXGroup;
			children = (
				D35648071DE95B4500D4F748 /* hotair.2bpp.pvr */,
				D35648081DE95B4500D4F748 /* hotair.4bpp.pvr */,
				D35648091DE95B4500D4F748 /* hotair.astc4x4.ktx */,
				D356480A1DE95B4500D4F748 /* hotair.astc8x8.ktx */,
				D356480B1DE95B4500D4F748 /* hotair.etc2.pvr */,
				D356480C1DE95B4500D4F748 /* hotair.png */,
				D356480D1DE95B4500D4F748 /* textures.json */,
			);
			path = Textures;
			sourceTree = "<group>";
		};
		D35C87AC1DD2310A004C78C2 = {
			isa = PBXGroup;
			children = (
				D35C87B71DD2310A004C78C2 /* CompressedTextures */,
				D35C87B61DD2310A004C78C2 /* Products */,
			);
			sourceTree = "<group>";
		};
		D35C87B61DD2310A004C78C2 /* Products */ = {
			isa = PBXGroup;
			children = (
				D35C87B51DD2310A004C78C2 /* CompressedTextures.app */,
			);
			name = Products;
			sourceTree = "<group>";
		};
		D35C87B71DD2310A004C78C2 /* CompressedTextures */ = {
			isa = PBXGroup;
			children = (
				D35C87E81DD234D1004C78C2 /* MBERenderer.h */,
				D35C87E91DD234D1004C78C2 /* MBERenderer.m */,
				D35648031DE95AED00D4F748 /* MBEMathUtilities.h */,
				D35648041DE95AED00D4F748 /* MBEMathUtilities.m */,
				D35648181DE95E9600D4F748 /* MBETextureDataSource.h */,
				D35648191DE95E9600D4F748 /* MBETextureDataSource.m */,
				D35C87CC1DD23183004C78C2 /* MBETypes.h */,
				D35C87DC1DD231E5004C78C2 /* User Interface */,
				D35C87E01DD23267004C78C2 /* Resources */,
				D35C87BB1DD2310A004C78C2 /* Supporting Files */,
			);
			path = CompressedTextures;
			sourceTree = "<group>";
		};
		D35C87BB1DD2310A004C78C2 /* Supporting Files */ = {
			isa = PBXGroup;
			children = (
				D35C87C31DD2310A004C78C2 /* Info.plist */,
				D35C87BC1DD2310A004C78C2 /* main.m */,
			);
			name = "Supporting Files";
			sourceTree = "<group>";
		};
		D35C87DC1DD231E5004C78C2 /* User Interface */ = {
			isa = PBXGroup;
			children = (
				D35C87B81DD2310A004C78C2 /* AppDelegate.h */,
				D35C87B91DD2310A004C78C2 /* AppDelegate.m */,
				D35648151DE95D0000D4F748 /* MBEViewController.h */,
				D35648161DE95D0000D4F748 /* MBEViewController.m */,
				D35C87E11DD232C1004C78C2 /* MBEMetalView.h */,
				D35C87E21DD232C1004C78C2 /* MBEMetalView.m */,
			);
			name = "User Interface";
			sourceTree = "<group>";
		};
		D35C87E01DD23267004C78C2 /* Resources */ = {
			isa = PBXGroup;
			children = (
				D35648061DE95B4500D4F748 /* Textures */,
				D35C87E41DD232D3004C78C2 /* Shaders.metal */,
				D35C87BE1DD2310A004C78C2 /* Assets.xcassets */,
				D35C87C01DD2310A004C78C2 /* MainMenu.xib */,
			);
			name = Resources;
			sourceTree = "<group>";
		};
/* End PBXGroup section */

/* Begin PBXNativeTarget section */
		D35C87B41DD2310A004C78C2 /* CompressedTextures */ = {
			isa = PBXNativeTarget;
			buildConfigurationList = D35C87C61DD2310A004C78C2 /* Build configuration list for PBXNativeTarget "CompressedTextures" */;
			buildPhases = (
				D35C87B11DD2310A004C78C2 /* Sources */,
				D35C87B21DD2310A004C78C2 /* Frameworks */,
				D35C87B31DD2310A004C78C2 /* Resources */,
			);
			buildRules = (
			);
			dependencies = (
			);
			name = CompressedTextures;
			productName = Lighting;
			productReference = D35C87B51DD2310A004C78C2 /* CompressedTextures.app */;
			productType = "com.apple.product-type.application";
		};
/* End PBXNativeTarget section */

/* Begin PBXProject section */
		D35C87AD1DD2310A004C78C2 /* Project object */ = {
			isa = PBXProject;
			attributes = {
				LastUpgradeCheck = 0810;
				ORGANIZATIONNAME = Rantlab;
				TargetAttributes = {
					D35C87B41DD2310A004C78C2 = {
						CreatedOnToolsVersion = 8.1;
						DevelopmentTeam = RMV9WBDK4Z;
						ProvisioningStyle = Automatic;
					};
				};
			};
			buildConfigurationList = D35C87B01DD2310A004C78C2 /* Build configuration list for PBXProject "CompressedTextures" */;
			compatibilityVersion = "Xcode 3.2";
			developmentRegion = English;
			hasScannedForEncodings = 0;
			knownRegions = (
				en,
				Base,
			);
			mainGroup = D35C87AC1DD2310A004C78C2;
			productRefGroup = D35C87B61DD2310A004C78C2 /* Products */;
			projectDirPath = "";
			projectRoot = "";
			targets = (
				D35C87B41DD2310A004C78C2 /* CompressedTextures */,
			);
		};
/* End PBXProject section */

/* Begin PBXResourcesBuildPhase section */
		D35C87B31DD2310A004C78C2 /* Resources */ = {
			isa = PBXResourcesBuildPhase;
			buildActionMask = 2147483647;
			files = (
				D356480F1DE95B4500D4F748 /* hotair.4bpp.pvr in Resources */,
				D35C87BF1DD2310A004C78C2 /* Assets.xcassets in Resources */,
				D35648101DE95B4500D4F748 /* hotair.astc4x4.ktx in Resources */,
				D356480E1DE95B4500D4F748 /* hotair.2bpp.pvr in Resources */,
				D35648131DE95B4500D4F748 /* hotair.png in Resources */,
				D35648121DE95B4500D4F748 /* hotair.etc2.pvr in Resources */,
				D35C87C21DD2310A004C78C2 /* MainMenu.xib in Resources */,
				D35648111DE95B4500D4F748 /* hotair.astc8x8.ktx in Resources */,
				D35648141DE95B4500D4F748 /* textures.json in Resources */,
			);
			runOnlyForDeploymentPostprocessing = 0;
		};
/* End PBXResourcesBuildPhase section */

/* Begin PBXSourcesBuildPhase section */
		D35C87B11DD2310A004C78C2 /* Sources */ = {
			isa = PBXSourcesBuildPhase;
			buildActionMask = 2147483647;
			files = (
				D35C87EA1DD234D1004C78C2 /* MBERenderer.m in Sources */,
				D356481A1DE95E9600D4F748 /* MBETextureDataSource.m in Sources */,
				D35648171DE95D0000D4F748 /* MBEViewController.m in Sources */,
				D35C87BD1DD2310A004C78C2 /* main.m in Sources */,
				D35C87E61DD232D3004C78C2 /* Shaders.metal in Sources */,
				D35C87E31DD232C1004C78C2 /* MBEMetalView.m in Sources */,
				D35C87BA1DD2310A004C78C2 /* AppDelegate.m in Sources */,
				D35648051DE95AED00D4F748 /* MBEMathUtilities.m in Sources */,
			);
			runOnlyForDeploymentPostprocessing = 0;
		};
/* End PBXSourcesBuildPhase section */

/* Begin PBXVariantGroup section */
		D35C87C01DD2310A004C78C2 /* MainMenu.xib */ = {
			isa = PBXVariantGroup;
			children = (
				D35C87C11DD2310A004C78C2 /* Base */,
			);
			name = MainMenu.xib;
			sourceTree = "<group>";
		};
/* End PBXVariantGroup section */

/* Begin XCBuildConfiguration section */
		D35C87C41DD2310A004C78C2 /* Debug */ = {
			isa = XCBuildConfiguration;
			buildSettings = {
				ALWAYS_SEARCH_USER_PATHS = NO;
				CLANG_ANALYZER_NONNULL = YES;
				CLANG_CXX_LANGUAGE_STANDARD = "gnu++0x";
				CLANG_CXX_LIBRARY = "libc++";
				CLANG_ENABLE_MODULES = YES;
				CLANG_ENABLE_OBJC_ARC = YES;
				CLANG_WARN_BOOL_CONVERSION = YES;
				CLANG_WARN_CONSTANT_CONVERSION = YES;
				CLANG_WARN_DIRECT_OBJC_ISA_USAGE = YES_ERROR;
				CLANG_WARN_DOCUMENTATION_COMMENTS = YES;
				CLANG_WARN_EMPTY_BODY = YES;
				CLANG_WARN_ENUM_CONVERSION = YES;
				CLANG_WARN_INFINITE_RECURSION = YES;
				CLANG_WARN_INT_CONVERSION = YES;
				CLANG_WARN_OBJC_ROOT_CLASS = YES_ERROR;
				CLANG_WARN_SUSPICIOUS_MOVES = YES;
				CLANG_WARN_UNREACHABLE_CODE = YES;
				CLANG_WARN__DUPLICATE_METHOD_MATCH = YES;
				CODE_SIGN_IDENTITY = "-";
				COPY_PHASE_STRIP = NO;
				DEBUG_INFORMATION_FORMAT = dwarf;
				ENABLE_STRICT_OBJC_MSGSEND = YES;
				ENABLE_TESTABILITY = YES;
				GCC_C_LANGUAGE_STANDARD = gnu99;
				GCC_DYNAMIC_NO_PIC = NO;
				GCC_NO_COMMON_BLOCKS = YES;
				GCC_OPTIMIZATION_LEVEL = 0;
				GCC_PREPROCESSOR_DEFINITIONS = (
					"DEBUG=1",
					"$(inherited)",
				);
				GCC_WARN_64_TO_32_BIT_CONVERSION = YES;
				GCC_WARN_ABOUT_RETURN_TYPE = YES_ERROR;
				GCC_WARN_UNDECLARED_SELECTOR = YES;
				GCC_WARN_UNINITIALIZED_AUTOS = YES_AGGRESSIVE;
				GCC_WARN_UNUSED_FUNCTION = YES;
				GCC_WARN_UNUSED_VARIABLE = YES;
				MACOSX_DEPLOYMENT_TARGET = 10.12;
				MTL_ENABLE_DEBUG_INFO = YES;
				ONLY_ACTIVE_ARCH = YES;
				SDKROOT = macosx;
			};
			name = Debug;
		};
		D35C87C51DD2310A004C78C2 /* Release */ = {
			isa = XCBuildConfiguration;
			buildSettings = {
				ALWAYS_SEARCH_USER_PATHS = NO;
				CLANG_ANALYZER_NONNULL = YES;
				CLANG_CXX_LANGUAGE_STANDARD = "gnu++0x";
				CLANG_CXX_LIBRARY = "libc++";
				CLANG_ENABLE_MODULES = YES;
				CLANG_ENABLE_OBJC_ARC = YES;
				CLANG_WARN_BOOL_CONVERSION = YES;
				CLANG_WARN_CONSTANT_CONVERSION = YES;
				CLANG_WARN_DIRECT_OBJC_ISA_USAGE = YES_ERROR;
				CLANG_WARN_DOCUMENTATION_COMMENTS = YES;
				CLANG_WARN_EMPTY_BODY = YES;
				CLANG_WARN_ENUM_CONVERSION = YES;
				CLANG_WARN_INFINITE_RECURSION = YES;
				CLANG_WARN_INT_CONVERSION = YES;
				CLANG_WARN_OBJC_ROOT_CLASS = YES_ERROR;
				CLANG_WARN_SUSPICIOUS_MOVES = YES;
				CLANG_WARN_UNREACHABLE_CODE = YES;
				CLANG_WARN__DUPLICATE_METHOD_MATCH = YES;
				CODE_SIGN_IDENTITY = "-";
				COPY_PHASE_STRIP = NO;
				DEBUG_INFORMATION_FORMAT = "dwarf-with-dsym";
				ENABLE_NS_ASSERTIONS = NO;
				ENABLE_STRICT_OBJC_MSGSEND = YES;
				GCC_C_LANGUAGE_STANDARD = gnu99;
				GCC_NO_COMMON_BLOCKS = YES;
				GCC_WARN_64_TO_32_BIT_CONVERSION = YES;
				GCC_WARN_ABOUT_RETURN_TYPE = YES_ERROR;
				GCC_WARN_UNDECLARED_SELECTOR = YES;
				GCC_WARN_UNINITIALIZED_AUTOS = YES_AGGRESSIVE;
				GCC_WARN_UNUSED_FUNCTION = YES;
				GCC_WARN_UNUSED_VARIABLE = YES;
				MACOSX_DEPLOYMENT_TARGET = 10.12;
				MTL_ENABLE_DEBUG_INFO = NO;
				SDKROOT = macosx;
			};
			name = Release;
		};
		D35C87C71DD2310A004C78C2 /* Debug */ = {
			isa = XCBuildConfiguration;
			buildSettings = {
				ASSETCATALOG_COMPILER_APPICON_NAME = AppIcon;
				COMBINE_HIDPI_IMAGES = YES;
				DEVELOPMENT_TEAM = RMV9WBDK4Z;
				INFOPLIST_FILE = CompressedTextures/Info.plist;
				LD_RUNPATH_SEARCH_PATHS = "$(inherited) @executable_path/../Frameworks";
				PRODUCT_BUNDLE_IDENTIFIER = com.Rantlab.CompressedTextures;
				PRODUCT_NAME = "$(TARGET_NAME)";
			};
			name = Debug;
		};
		D35C87C81DD2310A004C78C2 /* Release */ = {
			isa = XCBuildConfiguration;
			buildSettings = {
				ASSETCATALOG_COMPILER_APPICON_NAME = AppIcon;
				COMBINE_HIDPI_IMAGES = YES;
				DEVELOPMENT_TEAM = RMV9WBDK4Z;
				INFOPLIST_FILE = CompressedTextures/Info.plist;
				LD_RUNPATH_SEARCH_PATHS = "$(inherited) @executable_path/../Frameworks";
				PRODUCT_BUNDLE_IDENTIFIER = com.Rantlab.CompressedTextures;
				PRODUCT_NAME = "$(TARGET_NAME)";
			};
			name = Release;
		};
/* End XCBuildConfiguration section */

/* Begin XCConfigurationList section */
		D35C87B01DD2310A004C78C2 /* Build configuration list for PBXProject "CompressedTextures" */ = {
			isa = XCConfigurationList;
			buildConfigurations = (
				D35C87C41DD2310A004C78C2 /* Debug */,
				D35C87C51DD2310A004C78C2 /* Release */,
			);
			defaultConfigurationIsVisible = 0;
			defaultConfigurationName = Release;
		};
		D35C87C61DD2310A004C78C2 /* Build configuration list for PBXNativeTarget "CompressedTextures" */ = {
			isa = XCConfigurationList;
			buildConfigurations = (
				D35C87C71DD2310A004C78C2 /* Debug */,
				D35C87C81DD2310A004C78C2 /* Release */,
			);
			defaultConfigurationIsVisible = 0;
			defaultConfigurationName = Release;
		};
/* End XCConfigurationList section */
	};
	rootObject = D35C87AD1DD2310A004C78C2 /* Project object */;
}
