// !$*UTF8*$!
{
	archiveVersion = 1;
	classes = {
	};
	objectVersion = 46;
	objects = {

/* Begin PBXBuildFile section */
		D3C007151DD045C600ED1498 /* AppDelegate.m in Sources */ = {isa = PBXBuildFile; fileRef = D3C007141DD045C600ED1498 /* AppDelegate.m */; };
		D3C007181DD045C600ED1498 /* main.m in Sources */ = {isa = PBXBuildFile; fileRef = D3C007171DD045C600ED1498 /* main.m */; };
		D3C0071A1DD045C600ED1498 /* Assets.xcassets in Resources */ = {isa = PBXBuildFile; fileRef = D3C007191DD045C600ED1498 /* Assets.xcassets */; };
		D3C0071D1DD045C600ED1498 /* MainMenu.xib in Resources */ = {isa = PBXBuildFile; fileRef = D3C0071B1DD045C600ED1498 /* MainMenu.xib */; };
		D3C0072D1DD045FF00ED1498 /* MBEMathUtilities.m in Sources */ = {isa = PBXBuildFile; fileRef = D3C007251DD045FF00ED1498 /* MBEMathUtilities.m */; };
		D3C0072E1DD045FF00ED1498 /* MBEMetalView.m in Sources */ = {isa = PBXBuildFile; fileRef = D3C007271DD045FF00ED1498 /* MBEMetalView.m */; };
		D3C0072F1DD045FF00ED1498 /* MBERenderer.m in Sources */ = {isa = PBXBuildFile; fileRef = D3C007291DD045FF00ED1498 /* MBERenderer.m */; };
		D3C007301DD045FF00ED1498 /* MBEVIewController.m in Sources */ = {isa = PBXBuildFile; fileRef = D3C0072B1DD045FF00ED1498 /* MBEVIewController.m */; };
		D3C007311DD045FF00ED1498 /* Shaders.metal in Sources */ = {isa = PBXBuildFile; fileRef = D3C0072C1DD045FF00ED1498 /* Shaders.metal */; };
/* End PBXBuildFile section */

/* Begin PBXFileReference section */
		D3C007101DD045C600ED1498 /* DrawingIn3D.app */ = {isa = PBXFileReference; explicitFileType = wrapper.application; includeInIndex = 0; path = DrawingIn3D.app; sourceTree = BUILT_PRODUCTS_DIR; };
		D3C007131DD045C600ED1498 /* AppDelegate.h */ = {isa = PBXFileReference; lastKnownFileType = sourcecode.c.h; path = AppDelegate.h; sourceTree = "<group>"; };
		D3C007141DD045C600ED1498 /* AppDelegate.m */ = {isa = PBXFileReference; lastKnownFileType = sourcecode.c.objc; path = AppDelegate.m; sourceTree = "<group>"; };
		D3C007171DD045C600ED1498 /* main.m */ = {isa = PBXFileReference; lastKnownFileType = sourcecode.c.objc; path = main.m; sourceTree = "<group>"; };
		D3C007191DD045C600ED1498 /* Assets.xcassets */ = {isa = PBXFileReference; lastKnownFileType = folder.assetcatalog; path = Assets.xcassets; sourceTree = "<group>"; };
		D3C0071C1DD045C600ED1498 /* Base */ = {isa = PBXFileReference; lastKnownFileType = file.xib; name = Base; path = Base.lproj/MainMenu.xib; sourceTree = "<group>"; };
		D3C0071E1DD045C600ED1498 /* Info.plist */ = {isa = PBXFileReference; lastKnownFileType = text.plist.xml; path = Info.plist; sourceTree = "<group>"; };
		D3C007241DD045FF00ED1498 /* MBEMathUtilities.h */ = {isa = PBXFileReference; fileEncoding = 4; lastKnownFileType = sourcecode.c.h; path = MBEMathUtilities.h; sourceTree = "<group>"; };
		D3C007251DD045FF00ED1498 /* MBEMathUtilities.m */ = {isa = PBXFileReference; fileEncoding = 4; lastKnownFileType = sourcecode.c.objc; path = MBEMathUtilities.m; sourceTree = "<group>"; };
		D3C007261DD045FF00ED1498 /* MBEMetalView.h */ = {isa = PBXFileReference; fileEncoding = 4; lastKnownFileType = sourcecode.c.h; path = MBEMetalView.h; sourceTree = "<group>"; };
		D3C007271DD045FF00ED1498 /* MBEMetalView.m */ = {isa = PBXFileReference; fileEncoding = 4; lastKnownFileType = sourcecode.c.objc; path = MBEMetalView.m; sourceTree = "<group>"; };
		D3C007281DD045FF00ED1498 /* MBERenderer.h */ = {isa = PBXFileReference; fileEncoding = 4; lastKnownFileType = sourcecode.c.h; path = MBERenderer.h; sourceTree = "<group>"; };
		D3C007291DD045FF00ED1498 /* MBERenderer.m */ = {isa = PBXFileReference; fileEncoding = 4; lastKnownFileType = sourcecode.c.objc; path = MBERenderer.m; sourceTree = "<group>"; };
		D3C0072A1DD045FF00ED1498 /* MBEVIewController.h */ = {isa = PBXFileReference; fileEncoding = 4; lastKnownFileType = sourcecode.c.h; path = MBEVIewController.h; sourceTree = "<group>"; };
		D3C0072B1DD045FF00ED1498 /* MBEVIewController.m */ = {isa = PBXFileReference; fileEncoding = 4; lastKnownFileType = sourcecode.c.objc; path = MBEVIewController.m; sourceTree = "<group>"; };
		D3C0072C1DD045FF00ED1498 /* Shaders.metal */ = {isa = PBXFileReference; fileEncoding = 4; lastKnownFileType = sourcecode.metal; path = Shaders.metal; sourceTree = "<group>"; };
/* End PBXFileReference section */

/* Begin PBXFrameworksBuildPhase section */
		D3C0070D1DD045C600ED1498 /* Frameworks */ = {
			isa = PBXFrameworksBuildPhase;
			buildActionMask = 2147483647;
			files = (
			);
			runOnlyForDeploymentPostprocessing = 0;
		};
/* End PBXFrameworksBuildPhase section */

/* Begin PBXGroup section */
		D3C007071DD045C600ED1498 = {
			isa = PBXGroup;
			children = (
				D3C007121DD045C600ED1498 /* DrawingIn3D */,
				D3C007111DD045C600ED1498 /* Products */,
			);
			sourceTree = "<group>";
		};
		D3C007111DD045C600ED1498 /* Products */ = {
			isa = PBXGroup;
			children = (
				D3C007101DD045C600ED1498 /* DrawingIn3D.app */,
			);
			name = Products;
			sourceTree = "<group>";
		};
		D3C007121DD045C600ED1498 /* DrawingIn3D */ = {
			isa = PBXGroup;
			children = (
				D3C007131DD045C600ED1498 /* AppDelegate.h */,
				D3C007141DD045C600ED1498 /* AppDelegate.m */,
				D3C007191DD045C600ED1498 /* Assets.xcassets */,
				D3C0071B1DD045C600ED1498 /* MainMenu.xib */,
				D3C0071E1DD045C600ED1498 /* Info.plist */,
				D3C007241DD045FF00ED1498 /* MBEMathUtilities.h */,
				D3C007251DD045FF00ED1498 /* MBEMathUtilities.m */,
				D3C007261DD045FF00ED1498 /* MBEMetalView.h */,
				D3C007271DD045FF00ED1498 /* MBEMetalView.m */,
				D3C007281DD045FF00ED1498 /* MBERenderer.h */,
				D3C007291DD045FF00ED1498 /* MBERenderer.m */,
				D3C0072A1DD045FF00ED1498 /* MBEVIewController.h */,
				D3C0072B1DD045FF00ED1498 /* MBEVIewController.m */,
				D3C0072C1DD045FF00ED1498 /* Shaders.metal */,
				D3C007161DD045C600ED1498 /* Supporting Files */,
			);
			path = DrawingIn3D;
			sourceTree = "<group>";
		};
		D3C007161DD045C600ED1498 /* Supporting Files */ = {
			isa = PBXGroup;
			children = (
				D3C007171DD045C600ED1498 /* main.m */,
			);
			name = "Supporting Files";
			sourceTree = "<group>";
		};
/* End PBXGroup section */

/* Begin PBXNativeTarget section */
		D3C0070F1DD045C600ED1498 /* DrawingIn3D */ = {
			isa = PBXNativeTarget;
			buildConfigurationList = D3C007211DD045C600ED1498 /* Build configuration list for PBXNativeTarget "DrawingIn3D" */;
			buildPhases = (
				D3C0070C1DD045C600ED1498 /* Sources */,
				D3C0070D1DD045C600ED1498 /* Frameworks */,
				D3C0070E1DD045C600ED1498 /* Resources */,
			);
			buildRules = (
			);
			dependencies = (
			);
			name = DrawingIn3D;
			productName = DrawingIn3D;
			productReference = D3C007101DD045C600ED1498 /* DrawingIn3D.app */;
			productType = "com.apple.product-type.application";
		};
/* End PBXNativeTarget section */

/* Begin PBXProject section */
		D3C007081DD045C600ED1498 /* Project object */ = {
			isa = PBXProject;
			attributes = {
				LastUpgradeCheck = 0800;
				ORGANIZATIONNAME = Rantlab;
				TargetAttributes = {
					D3C0070F1DD045C600ED1498 = {
						CreatedOnToolsVersion = 8.0;
						ProvisioningStyle = Automatic;
					};
				};
			};
			buildConfigurationList = D3C0070B1DD045C600ED1498 /* Build configuration list for PBXProject "DrawingIn3D" */;
			compatibilityVersion = "Xcode 3.2";
			developmentRegion = English;
			hasScannedForEncodings = 0;
			knownRegions = (
				en,
				Base,
			);
			mainGroup = D3C007071DD045C600ED1498;
			productRefGroup = D3C007111DD045C600ED1498 /* Products */;
			projectDirPath = "";
			projectRoot = "";
			targets = (
				D3C0070F1DD045C600ED1498 /* DrawingIn3D */,
			);
		};
/* End PBXProject section */

/* Begin PBXResourcesBuildPhase section */
		D3C0070E1DD045C600ED1498 /* Resources */ = {
			isa = PBXResourcesBuildPhase;
			buildActionMask = 2147483647;
			files = (
				D3C0071A1DD045C600ED1498 /* Assets.xcassets in Resources */,
				D3C0071D1DD045C600ED1498 /* MainMenu.xib in Resources */,
			);
			runOnlyForDeploymentPostprocessing = 0;
		};
/* End PBXResourcesBuildPhase section */

/* Begin PBXSourcesBuildPhase section */
		D3C0070C1DD045C600ED1498 /* Sources */ = {
			isa = PBXSourcesBuildPhase;
			buildActionMask = 2147483647;
			files = (
				D3C007181DD045C600ED1498 /* main.m in Sources */,
				D3C007311DD045FF00ED1498 /* Shaders.metal in Sources */,
				D3C007301DD045FF00ED1498 /* MBEVIewController.m in Sources */,
				D3C0072D1DD045FF00ED1498 /* MBEMathUtilities.m in Sources */,
				D3C007151DD045C600ED1498 /* AppDelegate.m in Sources */,
				D3C0072E1DD045FF00ED1498 /* MBEMetalView.m in Sources */,
				D3C0072F1DD045FF00ED1498 /* MBERenderer.m in Sources */,
			);
			runOnlyForDeploymentPostprocessing = 0;
		};
/* End PBXSourcesBuildPhase section */

/* Begin PBXVariantGroup section */
		D3C0071B1DD045C600ED1498 /* MainMenu.xib */ = {
			isa = PBXVariantGroup;
			children = (
				D3C0071C1DD045C600ED1498 /* Base */,
			);
			name = MainMenu.xib;
			sourceTree = "<group>";
		};
/* End PBXVariantGroup section */

/* Begin XCBuildConfiguration section */
		D3C0071F1DD045C600ED1498 /* Debug */ = {
			isa = XCBuildConfiguration;
			buildSettings = {
				ALWAYS_SEARCH_USER_PATHS = NO;
				CLANG_ANALYZER_NONNULL = YES;
				CLANG_CXX_LANGUAGE_STANDARD = "gnu++0x";
				CLANG_CXX_LIBRARY = "libc++";
				CLANG_ENABLE_MODULES = YES;
				CLANG_ENABLE_OBJC_ARC = YES;
				CLANG_WARN_BOOL_CONVERSION = YES;
				CLANG_WARN_CONSTANT_CONVERSION = YES;
				CLANG_WARN_DIRECT_OBJC_ISA_USAGE = YES_ERROR;
				CLANG_WARN_DOCUMENTATION_COMMENTS = YES;
				CLANG_WARN_EMPTY_BODY = YES;
				CLANG_WARN_ENUM_CONVERSION = YES;
				CLANG_WARN_INFINITE_RECURSION = YES;
				CLANG_WARN_INT_CONVERSION = YES;
				CLANG_WARN_OBJC_ROOT_CLASS = YES_ERROR;
				CLANG_WARN_SUSPICIOUS_MOVES = YES;
				CLANG_WARN_UNREACHABLE_CODE = YES;
				CLANG_WARN__DUPLICATE_METHOD_MATCH = YES;
				CODE_SIGN_IDENTITY = "-";
				COPY_PHASE_STRIP = NO;
				DEBUG_INFORMATION_FORMAT = dwarf;
				ENABLE_STRICT_OBJC_MSGSEND = YES;
				ENABLE_TESTABILITY = YES;
				GCC_C_LANGUAGE_STANDARD = gnu99;
				GCC_DYNAMIC_NO_PIC = NO;
				GCC_NO_COMMON_BLOCKS = YES;
				GCC_OPTIMIZATION_LEVEL = 0;
				GCC_PREPROCESSOR_DEFINITIONS = (
					"DEBUG=1",
					"$(inherited)",
				);
				GCC_WARN_64_TO_32_BIT_CONVERSION = YES;
				GCC_WARN_ABOUT_RETURN_TYPE = YES_ERROR;
				GCC_WARN_UNDECLARED_SELECTOR = YES;
				GCC_WARN_UNINITIALIZED_AUTOS = YES_AGGRESSIVE;
				GCC_WARN_UNUSED_FUNCTION = YES;
				GCC_WARN_UNUSED_VARIABLE = YES;
				MACOSX_DEPLOYMENT_TARGET = 10.12;
				MTL_ENABLE_DEBUG_INFO = YES;
				ONLY_ACTIVE_ARCH = YES;
				SDKROOT = macosx;
			};
			name = Debug;
		};
		D3C007201DD045C600ED1498 /* Release */ = {
			isa = XCBuildConfiguration;
			buildSettings = {
				ALWAYS_SEARCH_USER_PATHS = NO;
				CLANG_ANALYZER_NONNULL = YES;
				CLANG_CXX_LANGUAGE_STANDARD = "gnu++0x";
				CLANG_CXX_LIBRARY = "libc++";
				CLANG_ENABLE_MODULES = YES;
				CLANG_ENABLE_OBJC_ARC = YES;
				CLANG_WARN_BOOL_CONVERSION = YES;
				CLANG_WARN_CONSTANT_CONVERSION = YES;
				CLANG_WARN_DIRECT_OBJC_ISA_USAGE = YES_ERROR;
				CLANG_WARN_DOCUMENTATION_COMMENTS = YES;
				CLANG_WARN_EMPTY_BODY = YES;
				CLANG_WARN_ENUM_CONVERSION = YES;
				CLANG_WARN_INFINITE_RECURSION = YES;
				CLANG_WARN_INT_CONVERSION = YES;
				CLANG_WARN_OBJC_ROOT_CLASS = YES_ERROR;
				CLANG_WARN_SUSPICIOUS_MOVES = YES;
				CLANG_WARN_UNREACHABLE_CODE = YES;
				CLANG_WARN__DUPLICATE_METHOD_MATCH = YES;
				CODE_SIGN_IDENTITY = "-";
				COPY_PHASE_STRIP = NO;
				DEBUG_INFORMATION_FORMAT = "dwarf-with-dsym";
				ENABLE_NS_ASSERTIONS = NO;
				ENABLE_STRICT_OBJC_MSGSEND = YES;
				GCC_C_LANGUAGE_STANDARD = gnu99;
				GCC_NO_COMMON_BLOCKS = YES;
				GCC_WARN_64_TO_32_BIT_CONVERSION = YES;
				GCC_WARN_ABOUT_RETURN_TYPE = YES_ERROR;
				GCC_WARN_UNDECLARED_SELECTOR = YES;
				GCC_WARN_UNINITIALIZED_AUTOS = YES_AGGRESSIVE;
				GCC_WARN_UNUSED_FUNCTION = YES;
				GCC_WARN_UNUSED_VARIABLE = YES;
				MACOSX_DEPLOYMENT_TARGET = 10.12;
				MTL_ENABLE_DEBUG_INFO = NO;
				SDKROOT = macosx;
			};
			name = Release;
		};
		D3C007221DD045C600ED1498 /* Debug */ = {
			isa = XCBuildConfiguration;
			buildSettings = {
				ASSETCATALOG_COMPILER_APPICON_NAME = AppIcon;
				COMBINE_HIDPI_IMAGES = YES;
				INFOPLIST_FILE = DrawingIn3D/Info.plist;
				LD_RUNPATH_SEARCH_PATHS = "$(inherited) @executable_path/../Frameworks";
				PRODUCT_BUNDLE_IDENTIFIER = com.Rantlab.DrawingIn3D;
				PRODUCT_NAME = "$(TARGET_NAME)";
			};
			name = Debug;
		};
		D3C007231DD045C600ED1498 /* Release */ = {
			isa = XCBuildConfiguration;
			buildSettings = {
				ASSETCATALOG_COMPILER_APPICON_NAME = AppIcon;
				COMBINE_HIDPI_IMAGES = YES;
				INFOPLIST_FILE = DrawingIn3D/Info.plist;
				LD_RUNPATH_SEARCH_PATHS = "$(inherited) @executable_path/../Frameworks";
				PRODUCT_BUNDLE_IDENTIFIER = com.Rantlab.DrawingIn3D;
				PRODUCT_NAME = "$(TARGET_NAME)";
			};
			name = Release;
		};
/* End XCBuildConfiguration section */

/* Begin XCConfigurationList section */
		D3C0070B1DD045C600ED1498 /* Build configuration list for PBXProject "DrawingIn3D" */ = {
			isa = XCConfigurationList;
			buildConfigurations = (
				D3C0071F1DD045C600ED1498 /* Debug */,
				D3C007201DD045C600ED1498 /* Release */,
			);
			defaultConfigurationIsVisible = 0;
			defaultConfigurationName = Release;
		};
		D3C007211DD045C600ED1498 /* Build configuration list for PBXNativeTarget "DrawingIn3D" */ = {
			isa = XCConfigurationList;
			buildConfigurations = (
				D3C007221DD045C600ED1498 /* Debug */,
				D3C007231DD045C600ED1498 /* Release */,
			);
			defaultConfigurationIsVisible = 0;
		};
/* End XCConfigurationList section */
	};
	rootObject = D3C007081DD045C600ED1498 /* Project object */;
}
